PODS:
  - audioplayers_darwin (0.0.1):
    - FlutterMacOS
  - FlutterMacOS (1.0.0)
  - media_kit_libs_macos_video (1.0.4):
    - FlutterMacOS
  - media_kit_video (0.0.1):
    - FlutterMacOS
  - pro_image_editor (12.0.8):
    - FlutterMacOS
  - pro_video_editor (0.0.1):
    - FlutterMacOS

DEPENDENCIES:
  - audioplayers_darwin (from `Flutter/ephemeral/.symlinks/plugins/audioplayers_darwin/macos`)
  - FlutterMacOS (from `Flutter/ephemeral`)
  - media_kit_libs_macos_video (from `Flutter/ephemeral/.symlinks/plugins/media_kit_libs_macos_video/macos`)
  - media_kit_video (from `Flutter/ephemeral/.symlinks/plugins/media_kit_video/macos`)
  - pro_image_editor (from `Flutter/ephemeral/.symlinks/plugins/pro_image_editor/macos`)
  - pro_video_editor (from `Flutter/ephemeral/.symlinks/plugins/pro_video_editor/macos`)

EXTERNAL SOURCES:
  audioplayers_darwin:
    :path: Flutter/ephemeral/.symlinks/plugins/audioplayers_darwin/macos
  FlutterMacOS:
    :path: Flutter/ephemeral
  media_kit_libs_macos_video:
    :path: Flutter/ephemeral/.symlinks/plugins/media_kit_libs_macos_video/macos
  media_kit_video:
    :path: Flutter/ephemeral/.symlinks/plugins/media_kit_video/macos
  pro_image_editor:
    :path: Flutter/ephemeral/.symlinks/plugins/pro_image_editor/macos
  pro_video_editor:
    :path: Flutter/ephemeral/.symlinks/plugins/pro_video_editor/macos

SPEC CHECKSUMS:
  audioplayers_darwin: 761f2948df701d05b5db603220c384fb55720012
  FlutterMacOS: d0db08ddef1a9af05a5ec4b724367152bb0500b1
  media_kit_libs_macos_video: 85a23e549b5f480e72cae3e5634b5514bc692f65
  media_kit_video: fa6564e3799a0a28bff39442334817088b7ca758
  pro_image_editor: e4f2ca0bcf5d755d81620d531b00e0906ccaa0ae
  pro_video_editor: dcbcb039347ed4372064b65664e5b23546c14d4e

PODFILE CHECKSUM: d53808ad3e260398c64f5e8ffae8c72d2669e2a5

COCOAPODS: 1.16.2
